# THIS IS AN AUTOGENERATED FILE. DO NOT EDIT THIS FILE DIRECTLY.
# yarn lockfile v1


"@types/aws-lambda@8.10.147":
  version "8.10.147"
  resolved "https://registry.yarnpkg.com/@types/aws-lambda/-/aws-lambda-8.10.147.tgz#dc5c89aa32f47a9b35e52c32630545c83afa6f2f"
  integrity sha512-nD0Z9fNIZcxYX5Mai2CTmFD7wX7UldCkW2ezCF8D1T5hdiLsnTWDGRpfRYntU6VjTdLQjOvyszru7I1c1oCQew==

aws4fetch@^1.0.18:
  version "1.0.20"
  resolved "https://registry.yarnpkg.com/aws4fetch/-/aws4fetch-1.0.20.tgz#090d6c65e32c6df645dd5e5acf04cc56da575cbe"
  integrity sha512-/djoAN709iY65ETD6LKCtyyEI04XIBP5xVvfmNxsEP0uJB5tyaGBztSryRr4HqMStr9R06PisQE7m9zDTXKu6g==

hono@^4.7.1:
  version "4.7.1"
  resolved "https://registry.yarnpkg.com/hono/-/hono-4.7.1.tgz#0eea31bce9a4080510614b3bddb9fa5854229f0c"
  integrity sha512-V3eWoPkBxoNgFCkSc5Y5rpLF6YoQQx1pkYO4qrF6YfOw8RZbujUNlJLZCxh0z9gZct70+je2Ih7Zrdpv21hP9w==

jose@5.2.3:
  version "5.2.3"
  resolved "https://registry.yarnpkg.com/jose/-/jose-5.2.3.tgz#071c87f9fe720cff741a403c8080b69bfe13164a"
  integrity sha512-KUXdbctm1uHVL8BYhnyHkgp3zDX5KW8ZhAKVFEfUbU2P8Alpzjb+48hHvjOdQIyPshoblhzsuqOwEEAbtHVirA==

jose@^4.15.4:
  version "4.15.9"
  resolved "https://registry.yarnpkg.com/jose/-/jose-4.15.9.tgz#9b68eda29e9a0614c042fa29387196c7dd800100"
  integrity sha512-1vUQX+IdDMVPj4k8kOxgUqlcK518yluMuGZwqlr44FS1ppZB/5GWh4rZG89erpOBOJjU/OBsnCVFfapsRz6nEA==

lru-cache@^6.0.0:
  version "6.0.0"
  resolved "https://registry.yarnpkg.com/lru-cache/-/lru-cache-6.0.0.tgz#6d6fe6570ebd96aaf90fcad1dafa3b2566db3a94"
  integrity sha512-Jo6dJ04CmSjuznwJSS3pUeWmd/H0ffTlkXXgwZi+eq1UCmqQwCh+eLsYOYCwY991i2Fah4h1BEMCx4qThGbsiA==
  dependencies:
    yallist "^4.0.0"

object-hash@^2.2.0:
  version "2.2.0"
  resolved "https://registry.yarnpkg.com/object-hash/-/object-hash-2.2.0.tgz#5ad518581eefc443bd763472b8ff2e9c2c0d54a5"
  integrity sha512-gScRMn0bS5fH+IuwyIFgnh9zBdo4DV+6GhygmWM9HyNJSgS0hScp1f5vjtm7oIIOiT9trXrShAkLFSc2IqKNgw==

oidc-token-hash@^5.0.3:
  version "5.0.3"
  resolved "https://registry.yarnpkg.com/oidc-token-hash/-/oidc-token-hash-5.0.3.tgz#9a229f0a1ce9d4fc89bcaee5478c97a889e7b7b6"
  integrity sha512-IF4PcGgzAr6XXSff26Sk/+P4KZFJVuHAJZj3wgO3vX2bMdNVp/QXTP3P7CEm9V1IdG8lDLY3HhiqpsE/nOwpPw==

openid-client@5.6.4:
  version "5.6.4"
  resolved "https://registry.yarnpkg.com/openid-client/-/openid-client-5.6.4.tgz#b2c25e6d5338ba3ce00e04341bb286798a196177"
  integrity sha512-T1h3B10BRPKfcObdBklX639tVz+xh34O7GjofqrqiAQdm7eHsQ00ih18x6wuJ/E6FxdtS2u3FmUGPDeEcMwzNA==
  dependencies:
    jose "^4.15.4"
    lru-cache "^6.0.0"
    object-hash "^2.2.0"
    oidc-token-hash "^5.0.3"

sst-darwin-arm64@3.9.2:
  version "3.9.2"
  resolved "https://registry.yarnpkg.com/sst-darwin-arm64/-/sst-darwin-arm64-3.9.2.tgz#0eeda6b7095164749c1b18fc128098db064bcce9"
  integrity sha512-SgwENaxTJR6YCOZfYs9Ap2y74GE3zPO190E1F85PdSsO8f2ALCi2ZJ0j2CRw9/mHtWQKXH5FFF9i8CULYnkGjA==

sst-darwin-x64@3.9.2:
  version "3.9.2"
  resolved "https://registry.yarnpkg.com/sst-darwin-x64/-/sst-darwin-x64-3.9.2.tgz#9524a0b8f656138115383e354bdd59bbb45cd3d2"
  integrity sha512-XKQWmPKkyGbhNIDw88xO0dw4GOwWx/jNteJh0lpFYWbvDeeFud93A1Y9MHjp0kDPcnPUY/EmlA2tkuVq7jR5Cg==

sst-linux-arm64@3.9.2:
  version "3.9.2"
  resolved "https://registry.yarnpkg.com/sst-linux-arm64/-/sst-linux-arm64-3.9.2.tgz#8c4dc384cdce0eb06bb97aa72fff85eef5fb29f8"
  integrity sha512-mRSV8GBF+/ipgEgUx981VGE6b/Aktsj3OqIelkSw2UA8cqUGFx+geona0EI2LxdVwRirYsb+BrPNxn8kJD6hHA==

sst-linux-x64@3.9.2:
  version "3.9.2"
  resolved "https://registry.yarnpkg.com/sst-linux-x64/-/sst-linux-x64-3.9.2.tgz#4a17da64b822c4d509df1eb322392d3b8d205324"
  integrity sha512-C2SztPGaTNlabvLbqrVrMMrwFHK0LgDqrDqCbGzh+7dZ9+jTxZOWkXhxGhkSbUAm4PTq1h2sSX5IJDbTw2frpA==

sst-linux-x86@3.9.2:
  version "3.9.2"
  resolved "https://registry.yarnpkg.com/sst-linux-x86/-/sst-linux-x86-3.9.2.tgz#8a077a25c8b1e0c703359c022b3b90781fc2355c"
  integrity sha512-T6Xc54aHopnLLVRymE8j64cIHFYkcVvo+8EewPtcMooeSxojBJ4V8bkzhiZCSdlc+nTQIR20uAwggsfW2WX0vQ==

sst@3.9.2:
  version "3.9.2"
  resolved "https://registry.yarnpkg.com/sst/-/sst-3.9.2.tgz#6ddd9253108256eee2f4533c84ef76dfcc782a6b"
  integrity sha512-2DVSuXc1me5/m/LjlHGQwZ0FfUeQwQVdf6MBNLvKsgEjHXG7Ealby7ps3LSV+Ka0VZsoTteiFIuwiyGoD2UZVQ==
  dependencies:
    aws4fetch "^1.0.18"
    jose "5.2.3"
    openid-client "5.6.4"
  optionalDependencies:
    sst-darwin-arm64 "3.9.2"
    sst-darwin-x64 "3.9.2"
    sst-linux-arm64 "3.9.2"
    sst-linux-x64 "3.9.2"
    sst-linux-x86 "3.9.2"

yallist@^4.0.0:
  version "4.0.0"
  resolved "https://registry.yarnpkg.com/yallist/-/yallist-4.0.0.tgz#9bb92790d9c0effec63be73519e11a35019a3a72"
  integrity sha512-3wdGidZyq5PB084XLES5TpOSRA3wjXAlIWMhum2kRcv/41Sn2emQ0dycQW4uZXLejwKvg6EsvbdlVL+FYEct7A==
